
Microsoft Visual Studio Solution File, Format Version 12.00
# Visual Studio Version 16
VisualStudioVersion = 16.0.33920.266
MinimumVisualStudioVersion = 10.0.40219.1
Project("{FAE04EC0-301F-11D3-BF4B-00C04F79EFBC}") = "Theme18Pr1", "Theme18Pr1.csproj", "{1FE40852-3D21-4202-A601-F51524B2B950}"
EndProject
Global
	GlobalSection(SolutionConfigurationPlatforms) = preSolution
		Debug|Any CPU = Debug|Any CPU
		Release|Any CPU = Release|Any CPU
	EndGlobalSection
	GlobalSection(ProjectConfigurationPlatforms) = postSolution
		{1FE40852-3D21-4202-A601-F51524B2B950}.Debug|Any CPU.ActiveCfg = Debug|Any CPU
		{1FE40852-3D21-4202-A601-F51524B2B950}.Debug|Any CPU.Build.0 = Debug|Any CPU
		{1FE40852-3D21-4202-A601-F51524B2B950}.Release|Any CPU.ActiveCfg = Release|Any CPU
		{1FE40852-3D21-4202-A601-F51524B2B950}.Release|Any CPU.Build.0 = Release|Any CPU
	EndGlobalSection
	GlobalSection(SolutionProperties) = preSolution
		HideSolutionNode = FALSE
	EndGlobalSection
	GlobalSection(ExtensibilityGlobals) = postSolution
		SolutionGuid = {D273485B-A416-4060-968B-94B4498962C2}
	EndGlobalSection
EndGlobal
