iJiphX4HtPW/0gr5Q2kMxWKZeDSvd+w9PLc2qd16V78xp2l67dvx2mi1/ZI+
zJw6a8uzcbKrYUK7WZAiJjWNnWmcudt/hM8WA9pcTGEDYJMUbWqOjA0BbqQGUxIgEBt8OGwl
09P+1Xhd80z7Wk2JHOEDZnU0swJVj1kGFuaa+Ba/qu3GWZmAGEUWB5aSxmIecl0MsLSm6+in
nsOA6bee9UmjIT4SXsKSAPQZPc+EpGUInHMAFZnSNj8ugepayBGfgXDBiFBZsAHj+mi0Au23
DGX7XLMXRsGmoSIQMq2YV3VeI3/gy/xS5jrBlkrDf+Rftg0wANV79o5t269daifnYFd1ot/W
rGbSiNeIXWbuJmAbm2nQUDfQ4iFpuQaJtHFsXZpNCKH3FYLYxGigey0sgPo3ATVtt9oJEDY9
CwCZk+Jyr5Em6wtuvcpN/VoAd/80tTodBv8VaiBsizzb+Ovpb61bpP0D3Mo690XiBevOMesa
sKhozvryCWiriRKORuCEQ2zMxSCWH4VeT7BdY83GruO7YzaBGKDah1zhGya0wLXaqxdGmvSy
QgfA5hwjFsYvIAkSJ3go+kZ9Ma+E1UREjjLQCntoCyZzzyaVzDsGQsCrDQCT1u739ndenxFG
G8vUaWm0QNV7KFDbc1pA0tpmxej4bAEtv0YqWe/YYNI/kmdzN2XEMCd3ik2/LRtJO8n4WPOP
byYoLjm5c4QEHBNp0u9CB34H5g2sY0gDfYOJwPWZxbR5tzSQoDMfKrnYmJtrrFm58V7MuuP2
N9qMKcrdWpBfQCPYQGHEXhOJeUaDyF9kMgo688k6jmZDriBc7HcsDWf0X8DywWhDVbDa9uIJ
IcaUD7fxM2xS2qxYF0o8c7ERvhE/czEBzQxTyJVNr26FBTv4Tmsq9j61HfD81V/91YNMal//
f/3Xf/34bovVPYkn78+X0+YC7MiSAKeUmeViA15aL40sSB7Yiu31v4sc9u75oYLhmxUjmXnn
wcnup6UwjwEDmbH+G2qexlIeTwZJQNryBkuyoP+7xwluwe4Git61QYeP21ZfM/VoIiYg03D9
K0QJk11CBLMTwbUMpOu+pvW