
Microsoft Visual Studio Solution File, Format Version 12.00
# Visual Studio Version 16
VisualStudioVersion = 16.0.33920.266
MinimumVisualStudioVersion = 10.0.40219.1
Project("{FAE04EC0-301F-11D3-BF4B-00C04F79EFBC}") = "task4", "task4\task4.csproj", "{1D1AAE5E-D7FA-4532-8641-7F557CF90C6A}"
EndProject
Global
	GlobalSection(SolutionConfigurationPlatforms) = preSolution
		Debug|Any CPU = Debug|Any CPU
		Release|Any CPU = Release|Any CPU
	EndGlobalSection
	GlobalSection(ProjectConfigurationPlatforms) = postSolution
		{1D1AAE5E-D7FA-4532-8641-7F557CF90C6A}.Debug|Any CPU.ActiveCfg = Debug|Any CPU
		{1D1AAE5E-D7FA-4532-8641-7F557CF90C6A}.Debug|Any CPU.Build.0 = Debug|Any CPU
		{1D1AAE5E-D7FA-4532-8641-7F557CF90C6A}.Release|Any CPU.ActiveCfg = Release|Any CPU
		{1D1AAE5E-D7FA-4532-8641-7F557CF90C6A}.Release|Any CPU.Build.0 = Release|Any CPU
	EndGlobalSection
	GlobalSection(SolutionProperties) = preSolution
		HideSolutionNode = FALSE
	EndGlobalSection
	GlobalSection(ExtensibilityGlobals) = postSolution
		SolutionGuid = {E9B7EA6C-3E99-4592-A756-BF2A1F776AB4}
	EndGlobalSection
EndGlobal
