
Microsoft Visual Studio Solution File, Format Version 12.00
# Visual Studio Version 16
VisualStudioVersion = 16.0.33027.164
MinimumVisualStudioVersion = 10.0.40219.1
Project("{FAE04EC0-301F-11D3-BF4B-00C04F79EFBC}") = "Theme4Pr3", "Theme4Pr3\Theme4Pr3.csproj", "{73924F2A-31F1-4753-B8F4-4414F77BE9F7}"
EndProject
Global
	GlobalSection(SolutionConfigurationPlatforms) = preSolution
		Debug|Any CPU = Debug|Any CPU
		Release|Any CPU = Release|Any CPU
	EndGlobalSection
	GlobalSection(ProjectConfigurationPlatforms) = postSolution
		{73924F2A-31F1-4753-B8F4-4414F77BE9F7}.Debug|Any CPU.ActiveCfg = Debug|Any CPU
		{73924F2A-31F1-4753-B8F4-4414F77BE9F7}.Debug|Any CPU.Build.0 = Debug|Any CPU
		{73924F2A-31F1-4753-B8F4-4414F77BE9F7}.Release|Any CPU.ActiveCfg = Release|Any CPU
		{73924F2A-31F1-4753-B8F4-4414F77BE9F7}.Release|Any CPU.Build.0 = Release|Any CPU
	EndGlobalSection
	GlobalSection(SolutionProperties) = preSolution
		HideSolutionNode = FALSE
	EndGlobalSection
	GlobalSection(ExtensibilityGlobals) = postSolution
		SolutionGuid = {8082DA6F-14FA-4173-B597-CABBB2E7856E}
	EndGlobalSection
EndGlobal
